// !$*UTF8*$!
{
	archiveVersion = 1;
	classes = {
	};
	objectVersion = 56;
	objects = {

/* Begin PBXBuildFile section */
		7F578B512A92676B006B72E7 /* LittleLemonDinnerMenuApp.swift in Sources */ = {isa = PBXBuildFile; fileRef = 7F578B502A92676B006B72E7 /* LittleLemonDinnerMenuApp.swift */; };
		7F578B552A92676C006B72E7 /* Assets.xcassets in Resources */ = {isa = PBXBuildFile; fileRef = 7F578B542A92676C006B72E7 /* Assets.xcassets */; };
		7F578B582A92676C006B72E7 /* Preview Assets.xcassets in Resources */ = {isa = PBXBuildFile; fileRef = 7F578B572A92676C006B72E7 /* Preview Assets.xcassets */; };
		7F578B622A92676D006B72E7 /* LittleLemonDinnerMenuTests.swift in Sources */ = {isa = PBXBuildFile; fileRef = 7F578B612A92676D006B72E7 /* LittleLemonDinnerMenuTests.swift */; };
		7F578B6C2A92676D006B72E7 /* LittleLemonDinnerMenuUITests.swift in Sources */ = {isa = PBXBuildFile; fileRef = 7F578B6B2A92676D006B72E7 /* LittleLemonDinnerMenuUITests.swift */; };
		7F578B6E2A92676D006B72E7 /* LittleLemonDinnerMenuUITestsLaunchTests.swift in Sources */ = {isa = PBXBuildFile; fileRef = 7F578B6D2A92676D006B72E7 /* LittleLemonDinnerMenuUITestsLaunchTests.swift */; };
		7F578B7B2A9267D9006B72E7 /* MenuItemsView.swift in Sources */ = {isa = PBXBuildFile; fileRef = 7F578B7A2A9267D9006B72E7 /* MenuItemsView.swift */; };
		7F578B7C2A9267D9006B72E7 /* MenuItemsView.swift in Sources */ = {isa = PBXBuildFile; fileRef = 7F578B7A2A9267D9006B72E7 /* MenuItemsView.swift */; };
		7F578B7E2A9267FC006B72E7 /* MenuItemsOptionView.swift in Sources */ = {isa = PBXBuildFile; fileRef = 7F578B7D2A9267FC006B72E7 /* MenuItemsOptionView.swift */; };
		7F578B7F2A9267FC006B72E7 /* MenuItemsOptionView.swift in Sources */ = {isa = PBXBuildFile; fileRef = 7F578B7D2A9267FC006B72E7 /* MenuItemsOptionView.swift */; };
		7F578B812A926817006B72E7 /* MenuItemDetailsView.swift in Sources */ = {isa = PBXBuildFile; fileRef = 7F578B802A926817006B72E7 /* MenuItemDetailsView.swift */; };
		7F578B822A926817006B72E7 /* MenuItemDetailsView.swift in Sources */ = {isa = PBXBuildFile; fileRef = 7F578B802A926817006B72E7 /* MenuItemDetailsView.swift */; };
		7F578B842A92709B006B72E7 /* MenuCategory.swift in Sources */ = {isa = PBXBuildFile; fileRef = 7F578B832A92709B006B72E7 /* MenuCategory.swift */; };
		7F578B852A92709B006B72E7 /* MenuCategory.swift in Sources */ = {isa = PBXBuildFile; fileRef = 7F578B832A92709B006B72E7 /* MenuCategory.swift */; };
		7F578B872A927111006B72E7 /* Ingredient.swift in Sources */ = {isa = PBXBuildFile; fileRef = 7F578B862A927111006B72E7 /* Ingredient.swift */; };
		7F578B882A927111006B72E7 /* Ingredient.swift in Sources */ = {isa = PBXBuildFile; fileRef = 7F578B862A927111006B72E7 /* Ingredient.swift */; };
		7F578B8A2A9271BD006B72E7 /* MenuItem.swift in Sources */ = {isa = PBXBuildFile; fileRef = 7F578B892A9271BD006B72E7 /* MenuItem.swift */; };
		7F578B8B2A9271BD006B72E7 /* MenuItem.swift in Sources */ = {isa = PBXBuildFile; fileRef = 7F578B892A9271BD006B72E7 /* MenuItem.swift */; };
		7F578B8E2A9274F0006B72E7 /* MenuViewViewModel.swift in Sources */ = {isa = PBXBuildFile; fileRef = 7F578B8D2A9274F0006B72E7 /* MenuViewViewModel.swift */; };
		7F578B8F2A9274F0006B72E7 /* MenuViewViewModel.swift in Sources */ = {isa = PBXBuildFile; fileRef = 7F578B8D2A9274F0006B72E7 /* MenuViewViewModel.swift */; };
		7F578B922A9282B7006B72E7 /* CategoryVGridView.swift in Sources */ = {isa = PBXBuildFile; fileRef = 7F578B912A9282B7006B72E7 /* CategoryVGridView.swift */; };
		7F578B932A9282B7006B72E7 /* CategoryVGridView.swift in Sources */ = {isa = PBXBuildFile; fileRef = 7F578B912A9282B7006B72E7 /* CategoryVGridView.swift */; };
/* End PBXBuildFile section */

/* Begin PBXContainerItemProxy section */
		7F578B5E2A92676D006B72E7 /* PBXContainerItemProxy */ = {
			isa = PBXContainerItemProxy;
			containerPortal = 7F578B452A92676B006B72E7 /* Project object */;
			proxyType = 1;
			remoteGlobalIDString = 7F578B4C2A92676B006B72E7;
			remoteInfo = LittleLemonDinnerMenu;
		};
		7F578B682A92676D006B72E7 /* PBXContainerItemProxy */ = {
			isa = PBXContainerItemProxy;
			containerPortal = 7F578B452A92676B006B72E7 /* Project object */;
			proxyType = 1;
			remoteGlobalIDString = 7F578B4C2A92676B006B72E7;
			remoteInfo = LittleLemonDinnerMenu;
		};
/* End PBXContainerItemProxy section */

/* Begin PBXFileReference section */
		7F578B4D2A92676B006B72E7 /* LittleLemonDinnerMenu.app */ = {isa = PBXFileReference; explicitFileType = wrapper.application; includeInIndex = 0; path = LittleLemonDinnerMenu.app; sourceTree = BUILT_PRODUCTS_DIR; };
		7F578B502A92676B006B72E7 /* LittleLemonDinnerMenuApp.swift */ = {isa = PBXFileReference; lastKnownFileType = sourcecode.swift; path = LittleLemonDinnerMenuApp.swift; sourceTree = "<group>"; };
		7F578B542A92676C006B72E7 /* Assets.xcassets */ = {isa = PBXFileReference; lastKnownFileType = folder.assetcatalog; path = Assets.xcassets; sourceTree = "<group>"; };
		7F578B572A92676C006B72E7 /* Preview Assets.xcassets */ = {isa = PBXFileReference; lastKnownFileType = folder.assetcatalog; path = "Preview Assets.xcassets"; sourceTree = "<group>"; };
		7F578B5D2A92676D006B72E7 /* LittleLemonDinnerMenuTests.xctest */ = {isa = PBXFileReference; explicitFileType = wrapper.cfbundle; includeInIndex = 0; path = LittleLemonDinnerMenuTests.xctest; sourceTree = BUILT_PRODUCTS_DIR; };
		7F578B612A92676D006B72E7 /* LittleLemonDinnerMenuTests.swift */ = {isa = PBXFileReference; lastKnownFileType = sourcecode.swift; path = LittleLemonDinnerMenuTests.swift; sourceTree = "<group>"; };
		7F578B672A92676D006B72E7 /* LittleLemonDinnerMenuUITests.xctest */ = {isa = PBXFileReference; explicitFileType = wrapper.cfbundle; includeInIndex = 0; path = LittleLemonDinnerMenuUITests.xctest; sourceTree = BUILT_PRODUCTS_DIR; };
		7F578B6B2A92676D006B72E7 /* LittleLemonDinnerMenuUITests.swift */ = {isa = PBXFileReference; lastKnownFileType = sourcecode.swift; path = LittleLemonDinnerMenuUITests.swift; sourceTree = "<group>"; };
		7F578B6D2A92676D006B72E7 /* LittleLemonDinnerMenuUITestsLaunchTests.swift */ = {isa = PBXFileReference; lastKnownFileType = sourcecode.swift; path = LittleLemonDinnerMenuUITestsLaunchTests.swift; sourceTree = "<group>"; };
		7F578B7A2A9267D9006B72E7 /* MenuItemsView.swift */ = {isa = PBXFileReference; lastKnownFileType = sourcecode.swift; path = MenuItemsView.swift; sourceTree = "<group>"; };
		7F578B7D2A9267FC006B72E7 /* MenuItemsOptionView.swift */ = {isa = PBXFileReference; lastKnownFileType = sourcecode.swift; path = MenuItemsOptionView.swift; sourceTree = "<group>"; };
		7F578B802A926817006B72E7 /* MenuItemDetailsView.swift */ = {isa = PBXFileReference; lastKnownFileType = sourcecode.swift; path = MenuItemDetailsView.swift; sourceTree = "<group>"; };
		7F578B832A92709B006B72E7 /* MenuCategory.swift */ = {isa = PBXFileReference; lastKnownFileType = sourcecode.swift; path = MenuCategory.swift; sourceTree = "<group>"; };
		7F578B862A927111006B72E7 /* Ingredient.swift */ = {isa = PBXFileReference; lastKnownFileType = sourcecode.swift; path = Ingredient.swift; sourceTree = "<group>"; };
		7F578B892A9271BD006B72E7 /* MenuItem.swift */ = {isa = PBXFileReference; lastKnownFileType = sourcecode.swift; path = MenuItem.swift; sourceTree = "<group>"; };
		7F578B8D2A9274F0006B72E7 /* MenuViewViewModel.swift */ = {isa = PBXFileReference; lastKnownFileType = sourcecode.swift; path = MenuViewViewModel.swift; sourceTree = "<group>"; };
		7F578B912A9282B7006B72E7 /* CategoryVGridView.swift */ = {isa = PBXFileReference; lastKnownFileType = sourcecode.swift; path = CategoryVGridView.swift; sourceTree = "<group>"; };
/* End PBXFileReference section */

/* Begin PBXFrameworksBuildPhase section */
		7F578B4A2A92676B006B72E7 /* Frameworks */ = {
			isa = PBXFrameworksBuildPhase;
			buildActionMask = 2147483647;
			files = (
			);
			runOnlyForDeploymentPostprocessing = 0;
		};
		7F578B5A2A92676D006B72E7 /* Frameworks */ = {
			isa = PBXFrameworksBuildPhase;
			buildActionMask = 2147483647;
			files = (
			);
			runOnlyForDeploymentPostprocessing = 0;
		};
		7F578B642A92676D006B72E7 /* Frameworks */ = {
			isa = PBXFrameworksBuildPhase;
			buildActionMask = 2147483647;
			files = (
			);
			runOnlyForDeploymentPostprocessing = 0;
		};
/* End PBXFrameworksBuildPhase section */

/* Begin PBXGroup section */
		7F578B442A92676B006B72E7 = {
			isa = PBXGroup;
			children = (
				7F578B4F2A92676B006B72E7 /* LittleLemonDinnerMenu */,
				7F578B602A92676D006B72E7 /* LittleLemonDinnerMenuTests */,
				7F578B6A2A92676D006B72E7 /* LittleLemonDinnerMenuUITests */,
				7F578B4E2A92676B006B72E7 /* Products */,
			);
			sourceTree = "<group>";
		};
		7F578B4E2A92676B006B72E7 /* Products */ = {
			isa = PBXGroup;
			children = (
				7F578B4D2A92676B006B72E7 /* LittleLemonDinnerMenu.app */,
				7F578B5D2A92676D006B72E7 /* LittleLemonDinnerMenuTests.xctest */,
				7F578B672A92676D006B72E7 /* LittleLemonDinnerMenuUITests.xctest */,
			);
			name = Products;
			sourceTree = "<group>";
		};
		7F578B4F2A92676B006B72E7 /* LittleLemonDinnerMenu */ = {
			isa = PBXGroup;
			children = (
				7F578B502A92676B006B72E7 /* LittleLemonDinnerMenuApp.swift */,
				7F578B7A2A9267D9006B72E7 /* MenuItemsView.swift */,
				7F578B7D2A9267FC006B72E7 /* MenuItemsOptionView.swift */,
				7F578B802A926817006B72E7 /* MenuItemDetailsView.swift */,
				7F578B912A9282B7006B72E7 /* CategoryVGridView.swift */,
				7F578B902A927826006B72E7 /* ViewModel */,
				7F578B8C2A92748D006B72E7 /* Model */,
				7F578B542A92676C006B72E7 /* Assets.xcassets */,
				7F578B562A92676C006B72E7 /* Preview Content */,
			);
			path = LittleLemonDinnerMenu;
			sourceTree = "<group>";
		};
		7F578B562A92676C006B72E7 /* Preview Content */ = {
			isa = PBXGroup;
			children = (
				7F578B572A92676C006B72E7 /* Preview Assets.xcassets */,
			);
			path = "Preview Content";
			sourceTree = "<group>";
		};
		7F578B602A92676D006B72E7 /* LittleLemonDinnerMenuTests */ = {
			isa = PBXGroup;
			children = (
				7F578B612A92676D006B72E7 /* LittleLemonDinnerMenuTests.swift */,
			);
			path = LittleLemonDinnerMenuTests;
			sourceTree = "<group>";
		};
		7F578B6A2A92676D006B72E7 /* LittleLemonDinnerMenuUITests */ = {
			isa = PBXGroup;
			children = (
				7F578B6B2A92676D006B72E7 /* LittleLemonDinnerMenuUITests.swift */,
				7F578B6D2A92676D006B72E7 /* LittleLemonDinnerMenuUITestsLaunchTests.swift */,
			);
			path = LittleLemonDinnerMenuUITests;
			sourceTree = "<group>";
		};
		7F578B8C2A92748D006B72E7 /* Model */ = {
			isa = PBXGroup;
			children = (
				7F578B832A92709B006B72E7 /* MenuCategory.swift */,
				7F578B862A927111006B72E7 /* Ingredient.swift */,
				7F578B892A9271BD006B72E7 /* MenuItem.swift */,
			);
			path = Model;
			sourceTree = "<group>";
		};
		7F578B902A927826006B72E7 /* ViewModel */ = {
			isa = PBXGroup;
			children = (
				7F578B8D2A9274F0006B72E7 /* MenuViewViewModel.swift */,
			);
			path = ViewModel;
			sourceTree = "<group>";
		};
/* End PBXGroup section */

/* Begin PBXNativeTarget section */
		7F578B4C2A92676B006B72E7 /* LittleLemonDinnerMenu */ = {
			isa = PBXNativeTarget;
			buildConfigurationList = 7F578B712A92676D006B72E7 /* Build configuration list for PBXNativeTarget "LittleLemonDinnerMenu" */;
			buildPhases = (
				7F578B492A92676B006B72E7 /* Sources */,
				7F578B4A2A92676B006B72E7 /* Frameworks */,
				7F578B4B2A92676B006B72E7 /* Resources */,
			);
			buildRules = (
			);
			dependencies = (
			);
			name = LittleLemonDinnerMenu;
			productName = LittleLemonDinnerMenu;
			productReference = 7F578B4D2A92676B006B72E7 /* LittleLemonDinnerMenu.app */;
			productType = "com.apple.product-type.application";
		};
		7F578B5C2A92676D006B72E7 /* LittleLemonDinnerMenuTests */ = {
			isa = PBXNativeTarget;
			buildConfigurationList = 7F578B742A92676D006B72E7 /* Build configuration list for PBXNativeTarget "LittleLemonDinnerMenuTests" */;
			buildPhases = (
				7F578B592A92676D006B72E7 /* Sources */,
				7F578B5A2A92676D006B72E7 /* Frameworks */,
				7F578B5B2A92676D006B72E7 /* Resources */,
			);
			buildRules = (
			);
			dependencies = (
				7F578B5F2A92676D006B72E7 /* PBXTargetDependency */,
			);
			name = LittleLemonDinnerMenuTests;
			productName = LittleLemonDinnerMenuTests;
			productReference = 7F578B5D2A92676D006B72E7 /* LittleLemonDinnerMenuTests.xctest */;
			productType = "com.apple.product-type.bundle.unit-test";
		};
		7F578B662A92676D006B72E7 /* LittleLemonDinnerMenuUITests */ = {
			isa = PBXNativeTarget;
			buildConfigurationList = 7F578B772A92676D006B72E7 /* Build configuration list for PBXNativeTarget "LittleLemonDinnerMenuUITests" */;
			buildPhases = (
				7F578B632A92676D006B72E7 /* Sources */,
				7F578B642A92676D006B72E7 /* Frameworks */,
				7F578B652A92676D006B72E7 /* Resources */,
			);
			buildRules = (
			);
			dependencies = (
				7F578B692A92676D006B72E7 /* PBXTargetDependency */,
			);
			name = LittleLemonDinnerMenuUITests;
			productName = LittleLemonDinnerMenuUITests;
			productReference = 7F578B672A92676D006B72E7 /* LittleLemonDinnerMenuUITests.xctest */;
			productType = "com.apple.product-type.bundle.ui-testing";
		};
/* End PBXNativeTarget section */

/* Begin PBXProject section */
		7F578B452A92676B006B72E7 /* Project object */ = {
			isa = PBXProject;
			attributes = {
				BuildIndependentTargetsInParallel = 1;
				LastSwiftUpdateCheck = 1420;
				LastUpgradeCheck = 1420;
				TargetAttributes = {
					7F578B4C2A92676B006B72E7 = {
						CreatedOnToolsVersion = 14.2;
					};
					7F578B5C2A92676D006B72E7 = {
						CreatedOnToolsVersion = 14.2;
						TestTargetID = 7F578B4C2A92676B006B72E7;
					};
					7F578B662A92676D006B72E7 = {
						CreatedOnToolsVersion = 14.2;
						TestTargetID = 7F578B4C2A92676B006B72E7;
					};
				};
			};
			buildConfigurationList = 7F578B482A92676B006B72E7 /* Build configuration list for PBXProject "LittleLemonDinnerMenu" */;
			compatibilityVersion = "Xcode 14.0";
			developmentRegion = en;
			hasScannedForEncodings = 0;
			knownRegions = (
				en,
				Base,
			);
			mainGroup = 7F578B442A92676B006B72E7;
			productRefGroup = 7F578B4E2A92676B006B72E7 /* Products */;
			projectDirPath = "";
			projectRoot = "";
			targets = (
				7F578B4C2A92676B006B72E7 /* LittleLemonDinnerMenu */,
				7F578B5C2A92676D006B72E7 /* LittleLemonDinnerMenuTests */,
				7F578B662A92676D006B72E7 /* LittleLemonDinnerMenuUITests */,
			);
		};
/* End PBXProject section */

/* Begin PBXResourcesBuildPhase section */
		7F578B4B2A92676B006B72E7 /* Resources */ = {
			isa = PBXResourcesBuildPhase;
			buildActionMask = 2147483647;
			files = (
				7F578B582A92676C006B72E7 /* Preview Assets.xcassets in Resources */,
				7F578B552A92676C006B72E7 /* Assets.xcassets in Resources */,
			);
			runOnlyForDeploymentPostprocessing = 0;
		};
		7F578B5B2A92676D006B72E7 /* Resources */ = {
			isa = PBXResourcesBuildPhase;
			buildActionMask = 2147483647;
			files = (
			);
			runOnlyForDeploymentPostprocessing = 0;
		};
		7F578B652A92676D006B72E7 /* Resources */ = {
			isa = PBXResourcesBuildPhase;
			buildActionMask = 2147483647;
			files = (
			);
			runOnlyForDeploymentPostprocessing = 0;
		};
/* End PBXResourcesBuildPhase section */

/* Begin PBXSourcesBuildPhase section */
		7F578B492A92676B006B72E7 /* Sources */ = {
			isa = PBXSourcesBuildPhase;
			buildActionMask = 2147483647;
			files = (
				7F578B922A9282B7006B72E7 /* CategoryVGridView.swift in Sources */,
				7F578B7B2A9267D9006B72E7 /* MenuItemsView.swift in Sources */,
				7F578B872A927111006B72E7 /* Ingredient.swift in Sources */,
				7F578B512A92676B006B72E7 /* LittleLemonDinnerMenuApp.swift in Sources */,
				7F578B8E2A9274F0006B72E7 /* MenuViewViewModel.swift in Sources */,
				7F578B7E2A9267FC006B72E7 /* MenuItemsOptionView.swift in Sources */,
				7F578B8A2A9271BD006B72E7 /* MenuItem.swift in Sources */,
				7F578B842A92709B006B72E7 /* MenuCategory.swift in Sources */,
				7F578B812A926817006B72E7 /* MenuItemDetailsView.swift in Sources */,
			);
			runOnlyForDeploymentPostprocessing = 0;
		};
		7F578B592A92676D006B72E7 /* Sources */ = {
			isa = PBXSourcesBuildPhase;
			buildActionMask = 2147483647;
			files = (
				7F578B8B2A9271BD006B72E7 /* MenuItem.swift in Sources */,
				7F578B932A9282B7006B72E7 /* CategoryVGridView.swift in Sources */,
				7F578B7F2A9267FC006B72E7 /* MenuItemsOptionView.swift in Sources */,
				7F578B822A926817006B72E7 /* MenuItemDetailsView.swift in Sources */,
				7F578B882A927111006B72E7 /* Ingredient.swift in Sources */,
				7F578B7C2A9267D9006B72E7 /* MenuItemsView.swift in Sources */,
				7F578B622A92676D006B72E7 /* LittleLemonDinnerMenuTests.swift in Sources */,
				7F578B8F2A9274F0006B72E7 /* MenuViewViewModel.swift in Sources */,
				7F578B852A92709B006B72E7 /* MenuCategory.swift in Sources */,
			);
			runOnlyForDeploymentPostprocessing = 0;
		};
		7F578B632A92676D006B72E7 /* Sources */ = {
			isa = PBXSourcesBuildPhase;
			buildActionMask = 2147483647;
			files = (
				7F578B6C2A92676D006B72E7 /* LittleLemonDinnerMenuUITests.swift in Sources */,
				7F578B6E2A92676D006B72E7 /* LittleLemonDinnerMenuUITestsLaunchTests.swift in Sources */,
			);
			runOnlyForDeploymentPostprocessing = 0;
		};
/* End PBXSourcesBuildPhase section */

/* Begin PBXTargetDependency section */
		7F578B5F2A92676D006B72E7 /* PBXTargetDependency */ = {
			isa = PBXTargetDependency;
			target = 7F578B4C2A92676B006B72E7 /* LittleLemonDinnerMenu */;
			targetProxy = 7F578B5E2A92676D006B72E7 /* PBXContainerItemProxy */;
		};
		7F578B692A92676D006B72E7 /* PBXTargetDependency */ = {
			isa = PBXTargetDependency;
			target = 7F578B4C2A92676B006B72E7 /* LittleLemonDinnerMenu */;
			targetProxy = 7F578B682A92676D006B72E7 /* PBXContainerItemProxy */;
		};
/* End PBXTargetDependency section */

/* Begin XCBuildConfiguration section */
		7F578B6F2A92676D006B72E7 /* Debug */ = {
			isa = XCBuildConfiguration;
			buildSettings = {
				ALWAYS_SEARCH_USER_PATHS = NO;
				CLANG_ANALYZER_NONNULL = YES;
				CLANG_ANALYZER_NUMBER_OBJECT_CONVERSION = YES_AGGRESSIVE;
				CLANG_CXX_LANGUAGE_STANDARD = "gnu++20";
				CLANG_ENABLE_MODULES = YES;
				CLANG_ENABLE_OBJC_ARC = YES;
				CLANG_ENABLE_OBJC_WEAK = YES;
				CLANG_WARN_BLOCK_CAPTURE_AUTORELEASING = YES;
				CLANG_WARN_BOOL_CONVERSION = YES;
				CLANG_WARN_COMMA = YES;
				CLANG_WARN_CONSTANT_CONVERSION = YES;
				CLANG_WARN_DEPRECATED_OBJC_IMPLEMENTATIONS = YES;
				CLANG_WARN_DIRECT_OBJC_ISA_USAGE = YES_ERROR;
				CLANG_WARN_DOCUMENTATION_COMMENTS = YES;
				CLANG_WARN_EMPTY_BODY = YES;
				CLANG_WARN_ENUM_CONVERSION = YES;
				CLANG_WARN_INFINITE_RECURSION = YES;
				CLANG_WARN_INT_CONVERSION = YES;
				CLANG_WARN_NON_LITERAL_NULL_CONVERSION = YES;
				CLANG_WARN_OBJC_IMPLICIT_RETAIN_SELF = YES;
				CLANG_WARN_OBJC_LITERAL_CONVERSION = YES;
				CLANG_WARN_OBJC_ROOT_CLASS = YES_ERROR;
				CLANG_WARN_QUOTED_INCLUDE_IN_FRAMEWORK_HEADER = YES;
				CLANG_WARN_RANGE_LOOP_ANALYSIS = YES;
				CLANG_WARN_STRICT_PROTOTYPES = YES;
				CLANG_WARN_SUSPICIOUS_MOVE = YES;
				CLANG_WARN_UNGUARDED_AVAILABILITY = YES_AGGRESSIVE;
				CLANG_WARN_UNREACHABLE_CODE = YES;
				CLANG_WARN__DUPLICATE_METHOD_MATCH = YES;
				COPY_PHASE_STRIP = NO;
				DEBUG_INFORMATION_FORMAT = dwarf;
				ENABLE_STRICT_OBJC_MSGSEND = YES;
				ENABLE_TESTABILITY = YES;
				GCC_C_LANGUAGE_STANDARD = gnu11;
				GCC_DYNAMIC_NO_PIC = NO;
				GCC_NO_COMMON_BLOCKS = YES;
				GCC_OPTIMIZATION_LEVEL = 0;
				GCC_PREPROCESSOR_DEFINITIONS = (
					"DEBUG=1",
					"$(inherited)",
				);
				GCC_WARN_64_TO_32_BIT_CONVERSION = YES;
				GCC_WARN_ABOUT_RETURN_TYPE = YES_ERROR;
				GCC_WARN_UNDECLARED_SELECTOR = YES;
				GCC_WARN_UNINITIALIZED_AUTOS = YES_AGGRESSIVE;
				GCC_WARN_UNUSED_FUNCTION = YES;
				GCC_WARN_UNUSED_VARIABLE = YES;
				IPHONEOS_DEPLOYMENT_TARGET = 16.2;
				MTL_ENABLE_DEBUG_INFO = INCLUDE_SOURCE;
				MTL_FAST_MATH = YES;
				ONLY_ACTIVE_ARCH = YES;
				SDKROOT = iphoneos;
				SWIFT_ACTIVE_COMPILATION_CONDITIONS = DEBUG;
				SWIFT_OPTIMIZATION_LEVEL = "-Onone";
			};
			name = Debug;
		};
		7F578B702A92676D006B72E7 /* Release */ = {
			isa = XCBuildConfiguration;
			buildSettings = {
				ALWAYS_SEARCH_USER_PATHS = NO;
				CLANG_ANALYZER_NONNULL = YES;
				CLANG_ANALYZER_NUMBER_OBJECT_CONVERSION = YES_AGGRESSIVE;
				CLANG_CXX_LANGUAGE_STANDARD = "gnu++20";
				CLANG_ENABLE_MODULES = YES;
				CLANG_ENABLE_OBJC_ARC = YES;
				CLANG_ENABLE_OBJC_WEAK = YES;
				CLANG_WARN_BLOCK_CAPTURE_AUTORELEASING = YES;
				CLANG_WARN_BOOL_CONVERSION = YES;
				CLANG_WARN_COMMA = YES;
				CLANG_WARN_CONSTANT_CONVERSION = YES;
				CLANG_WARN_DEPRECATED_OBJC_IMPLEMENTATIONS = YES;
				CLANG_WARN_DIRECT_OBJC_ISA_USAGE = YES_ERROR;
				CLANG_WARN_DOCUMENTATION_COMMENTS = YES;
				CLANG_WARN_EMPTY_BODY = YES;
				CLANG_WARN_ENUM_CONVERSION = YES;
				CLANG_WARN_INFINITE_RECURSION = YES;
				CLANG_WARN_INT_CONVERSION = YES;
				CLANG_WARN_NON_LITERAL_NULL_CONVERSION = YES;
				CLANG_WARN_OBJC_IMPLICIT_RETAIN_SELF = YES;
				CLANG_WARN_OBJC_LITERAL_CONVERSION = YES;
				CLANG_WARN_OBJC_ROOT_CLASS = YES_ERROR;
				CLANG_WARN_QUOTED_INCLUDE_IN_FRAMEWORK_HEADER = YES;
				CLANG_WARN_RANGE_LOOP_ANALYSIS = YES;
				CLANG_WARN_STRICT_PROTOTYPES = YES;
				CLANG_WARN_SUSPICIOUS_MOVE = YES;
				CLANG_WARN_UNGUARDED_AVAILABILITY = YES_AGGRESSIVE;
				CLANG_WARN_UNREACHABLE_CODE = YES;
				CLANG_WARN__DUPLICATE_METHOD_MATCH = YES;
				COPY_PHASE_STRIP = NO;
				DEBUG_INFORMATION_FORMAT = "dwarf-with-dsym";
				ENABLE_NS_ASSERTIONS = NO;
				ENABLE_STRICT_OBJC_MSGSEND = YES;
				GCC_C_LANGUAGE_STANDARD = gnu11;
				GCC_NO_COMMON_BLOCKS = YES;
				GCC_WARN_64_TO_32_BIT_CONVERSION = YES;
				GCC_WARN_ABOUT_RETURN_TYPE = YES_ERROR;
				GCC_WARN_UNDECLARED_SELECTOR = YES;
				GCC_WARN_UNINITIALIZED_AUTOS = YES_AGGRESSIVE;
				GCC_WARN_UNUSED_FUNCTION = YES;
				GCC_WARN_UNUSED_VARIABLE = YES;
				IPHONEOS_DEPLOYMENT_TARGET = 16.2;
				MTL_ENABLE_DEBUG_INFO = NO;
				MTL_FAST_MATH = YES;
				SDKROOT = iphoneos;
				SWIFT_COMPILATION_MODE = wholemodule;
				SWIFT_OPTIMIZATION_LEVEL = "-O";
				VALIDATE_PRODUCT = YES;
			};
			name = Release;
		};
		7F578B722A92676D006B72E7 /* Debug */ = {
			isa = XCBuildConfiguration;
			buildSettings = {
				ASSETCATALOG_COMPILER_APPICON_NAME = AppIcon;
				ASSETCATALOG_COMPILER_GLOBAL_ACCENT_COLOR_NAME = AccentColor;
				CODE_SIGN_STYLE = Automatic;
				CURRENT_PROJECT_VERSION = 1;
				DEVELOPMENT_ASSET_PATHS = "\"LittleLemonDinnerMenu/Preview Content\"";
				DEVELOPMENT_TEAM = 267MD9AH76;
				ENABLE_PREVIEWS = YES;
				GENERATE_INFOPLIST_FILE = YES;
				INFOPLIST_KEY_UIApplicationSceneManifest_Generation = YES;
				INFOPLIST_KEY_UIApplicationSupportsIndirectInputEvents = YES;
				INFOPLIST_KEY_UILaunchScreen_Generation = YES;
				INFOPLIST_KEY_UISupportedInterfaceOrientations_iPad = "UIInterfaceOrientationPortrait UIInterfaceOrientationPortraitUpsideDown UIInterfaceOrientationLandscapeLeft UIInterfaceOrientationLandscapeRight";
				INFOPLIST_KEY_UISupportedInterfaceOrientations_iPhone = "UIInterfaceOrientationPortrait UIInterfaceOrientationLandscapeLeft UIInterfaceOrientationLandscapeRight";
				LD_RUNPATH_SEARCH_PATHS = (
					"$(inherited)",
					"@executable_path/Frameworks",
				);
				MARKETING_VERSION = 1.0;
				PRODUCT_BUNDLE_IDENTIFIER = com.papadoster.LittleLemonDinnerMenu;
				PRODUCT_NAME = "$(TARGET_NAME)";
				SWIFT_EMIT_LOC_STRINGS = YES;
				SWIFT_VERSION = 5.0;
				TARGETED_DEVICE_FAMILY = "1,2";
			};
			name = Debug;
		};
		7F578B732A92676D006B72E7 /* Release */ = {
			isa = XCBuildConfiguration;
			buildSettings = {
				ASSETCATALOG_COMPILER_APPICON_NAME = AppIcon;
				ASSETCATALOG_COMPILER_GLOBAL_ACCENT_COLOR_NAME = AccentColor;
				CODE_SIGN_STYLE = Automatic;
				CURRENT_PROJECT_VERSION = 1;
				DEVELOPMENT_ASSET_PATHS = "\"LittleLemonDinnerMenu/Preview Content\"";
				DEVELOPMENT_TEAM = 267MD9AH76;
				ENABLE_PREVIEWS = YES;
				GENERATE_INFOPLIST_FILE = YES;
				INFOPLIST_KEY_UIApplicationSceneManifest_Generation = YES;
				INFOPLIST_KEY_UIApplicationSupportsIndirectInputEvents = YES;
				INFOPLIST_KEY_UILaunchScreen_Generation = YES;
				INFOPLIST_KEY_UISupportedInterfaceOrientations_iPad = "UIInterfaceOrientationPortrait UIInterfaceOrientationPortraitUpsideDown UIInterfaceOrientationLandscapeLeft UIInterfaceOrientationLandscapeRight";
				INFOPLIST_KEY_UISupportedInterfaceOrientations_iPhone = "UIInterfaceOrientationPortrait UIInterfaceOrientationLandscapeLeft UIInterfaceOrientationLandscapeRight";
				LD_RUNPATH_SEARCH_PATHS = (
					"$(inherited)",
					"@executable_path/Frameworks",
				);
				MARKETING_VERSION = 1.0;
				PRODUCT_BUNDLE_IDENTIFIER = com.papadoster.LittleLemonDinnerMenu;
				PRODUCT_NAME = "$(TARGET_NAME)";
				SWIFT_EMIT_LOC_STRINGS = YES;
				SWIFT_VERSION = 5.0;
				TARGETED_DEVICE_FAMILY = "1,2";
			};
			name = Release;
		};
		7F578B752A92676D006B72E7 /* Debug */ = {
			isa = XCBuildConfiguration;
			buildSettings = {
				ALWAYS_EMBED_SWIFT_STANDARD_LIBRARIES = YES;
				BUNDLE_LOADER = "$(TEST_HOST)";
				CODE_SIGN_STYLE = Automatic;
				CURRENT_PROJECT_VERSION = 1;
				DEVELOPMENT_TEAM = 267MD9AH76;
				GENERATE_INFOPLIST_FILE = YES;
				IPHONEOS_DEPLOYMENT_TARGET = 16.2;
				MARKETING_VERSION = 1.0;
				PRODUCT_BUNDLE_IDENTIFIER = com.papadoster.LittleLemonDinnerMenuTests;
				PRODUCT_NAME = "$(TARGET_NAME)";
				SWIFT_EMIT_LOC_STRINGS = NO;
				SWIFT_VERSION = 5.0;
				TARGETED_DEVICE_FAMILY = "1,2";
				TEST_HOST = "$(BUILT_PRODUCTS_DIR)/LittleLemonDinnerMenu.app/$(BUNDLE_EXECUTABLE_FOLDER_PATH)/LittleLemonDinnerMenu";
			};
			name = Debug;
		};
		7F578B762A92676D006B72E7 /* Release */ = {
			isa = XCBuildConfiguration;
			buildSettings = {
				ALWAYS_EMBED_SWIFT_STANDARD_LIBRARIES = YES;
				BUNDLE_LOADER = "$(TEST_HOST)";
				CODE_SIGN_STYLE = Automatic;
				CURRENT_PROJECT_VERSION = 1;
				DEVELOPMENT_TEAM = 267MD9AH76;
				GENERATE_INFOPLIST_FILE = YES;
				IPHONEOS_DEPLOYMENT_TARGET = 16.2;
				MARKETING_VERSION = 1.0;
				PRODUCT_BUNDLE_IDENTIFIER = com.papadoster.LittleLemonDinnerMenuTests;
				PRODUCT_NAME = "$(TARGET_NAME)";
				SWIFT_EMIT_LOC_STRINGS = NO;
				SWIFT_VERSION = 5.0;
				TARGETED_DEVICE_FAMILY = "1,2";
				TEST_HOST = "$(BUILT_PRODUCTS_DIR)/LittleLemonDinnerMenu.app/$(BUNDLE_EXECUTABLE_FOLDER_PATH)/LittleLemonDinnerMenu";
			};
			name = Release;
		};
		7F578B782A92676D006B72E7 /* Debug */ = {
			isa = XCBuildConfiguration;
			buildSettings = {
				ALWAYS_EMBED_SWIFT_STANDARD_LIBRARIES = YES;
				CODE_SIGN_STYLE = Automatic;
				CURRENT_PROJECT_VERSION = 1;
				DEVELOPMENT_TEAM = 267MD9AH76;
				GENERATE_INFOPLIST_FILE = YES;
				MARKETING_VERSION = 1.0;
				PRODUCT_BUNDLE_IDENTIFIER = com.papadoster.LittleLemonDinnerMenuUITests;
				PRODUCT_NAME = "$(TARGET_NAME)";
				SWIFT_EMIT_LOC_STRINGS = NO;
				SWIFT_VERSION = 5.0;
				TARGETED_DEVICE_FAMILY = "1,2";
				TEST_TARGET_NAME = LittleLemonDinnerMenu;
			};
			name = Debug;
		};
		7F578B792A92676D006B72E7 /* Release */ = {
			isa = XCBuildConfiguration;
			buildSettings = {
				ALWAYS_EMBED_SWIFT_STANDARD_LIBRARIES = YES;
				CODE_SIGN_STYLE = Automatic;
				CURRENT_PROJECT_VERSION = 1;
				DEVELOPMENT_TEAM = 267MD9AH76;
				GENERATE_INFOPLIST_FILE = YES;
				MARKETING_VERSION = 1.0;
				PRODUCT_BUNDLE_IDENTIFIER = com.papadoster.LittleLemonDinnerMenuUITests;
				PRODUCT_NAME = "$(TARGET_NAME)";
				SWIFT_EMIT_LOC_STRINGS = NO;
				SWIFT_VERSION = 5.0;
				TARGETED_DEVICE_FAMILY = "1,2";
				TEST_TARGET_NAME = LittleLemonDinnerMenu;
			};
			name = Release;
		};
/* End XCBuildConfiguration section */

/* Begin XCConfigurationList section */
		7F578B482A92676B006B72E7 /* Build configuration list for PBXProject "LittleLemonDinnerMenu" */ = {
			isa = XCConfigurationList;
			buildConfigurations = (
				7F578B6F2A92676D006B72E7 /* Debug */,
				7F578B702A92676D006B72E7 /* Release */,
			);
			defaultConfigurationIsVisible = 0;
			defaultConfigurationName = Release;
		};
		7F578B712A92676D006B72E7 /* Build configuration list for PBXNativeTarget "LittleLemonDinnerMenu" */ = {
			isa = XCConfigurationList;
			buildConfigurations = (
				7F578B722A92676D006B72E7 /* Debug */,
				7F578B732A92676D006B72E7 /* Release */,
			);
			defaultConfigurationIsVisible = 0;
			defaultConfigurationName = Release;
		};
		7F578B742A92676D006B72E7 /* Build configuration list for PBXNativeTarget "LittleLemonDinnerMenuTests" */ = {
			isa = XCConfigurationList;
			buildConfigurations = (
				7F578B752A92676D006B72E7 /* Debug */,
				7F578B762A92676D006B72E7 /* Release */,
			);
			defaultConfigurationIsVisible = 0;
			defaultConfigurationName = Release;
		};
		7F578B772A92676D006B72E7 /* Build configuration list for PBXNativeTarget "LittleLemonDinnerMenuUITests" */ = {
			isa = XCConfigurationList;
			buildConfigurations = (
				7F578B782A92676D006B72E7 /* Debug */,
				7F578B792A92676D006B72E7 /* Release */,
			);
			defaultConfigurationIsVisible = 0;
			defaultConfigurationName = Release;
		};
/* End XCConfigurationList section */
	};
	rootObject = 7F578B452A92676B006B72E7 /* Project object */;
}
